// !$*UTF8*$!
{
	archiveVersion = 1;
	classes = {
	};
	objectVersion = 56;
	objects = {

/* Begin PBXBuildFile section */
		FD1398E52B8B2A4F000B0218 /* ExchangeInfo.swift in Sources */ = {isa = PBXBuildFile; fileRef = FD1398E42B8B2A4F000B0218 /* ExchangeInfo.swift */; };
		FD1398E72B8B30A5000B0218 /* ExchangeRate.swift in Sources */ = {isa = PBXBuildFile; fileRef = FD1398E62B8B30A5000B0218 /* ExchangeRate.swift */; };
		FD1398E92B8B397B000B0218 /* SelectCurrency.swift in Sources */ = {isa = PBXBuildFile; fileRef = FD1398E82B8B397B000B0218 /* SelectCurrency.swift */; };
		FD1398EB2B8B3E5A000B0218 /* CurrencyIcon.swift in Sources */ = {isa = PBXBuildFile; fileRef = FD1398EA2B8B3E5A000B0218 /* CurrencyIcon.swift */; };
		FD9392EC2B8A8845008BE9D0 /* LOTRConverterApp.swift in Sources */ = {isa = PBXBuildFile; fileRef = FD9392EB2B8A8845008BE9D0 /* LOTRConverterApp.swift */; };
		FD9392EE2B8A8845008BE9D0 /* ContentView.swift in Sources */ = {isa = PBXBuildFile; fileRef = FD9392ED2B8A8845008BE9D0 /* ContentView.swift */; };
		FD9392F02B8A8847008BE9D0 /* Assets.xcassets in Resources */ = {isa = PBXBuildFile; fileRef = FD9392EF2B8A8847008BE9D0 /* Assets.xcassets */; };
		FD9392F32B8A8847008BE9D0 /* Preview Assets.xcassets in Resources */ = {isa = PBXBuildFile; fileRef = FD9392F22B8A8847008BE9D0 /* Preview Assets.xcassets */; };
/* End PBXBuildFile section */

/* Begin PBXFileReference section */
		FD1398E42B8B2A4F000B0218 /* ExchangeInfo.swift */ = {isa = PBXFileReference; lastKnownFileType = sourcecode.swift; path = ExchangeInfo.swift; sourceTree = "<group>"; };
		FD1398E62B8B30A5000B0218 /* ExchangeRate.swift */ = {isa = PBXFileReference; lastKnownFileType = sourcecode.swift; path = ExchangeRate.swift; sourceTree = "<group>"; };
		FD1398E82B8B397B000B0218 /* SelectCurrency.swift */ = {isa = PBXFileReference; lastKnownFileType = sourcecode.swift; path = SelectCurrency.swift; sourceTree = "<group>"; };
		FD1398EA2B8B3E5A000B0218 /* CurrencyIcon.swift */ = {isa = PBXFileReference; lastKnownFileType = sourcecode.swift; path = CurrencyIcon.swift; sourceTree = "<group>"; };
		FD9392E82B8A8845008BE9D0 /* LOTRConverter.app */ = {isa = PBXFileReference; explicitFileType = wrapper.application; includeInIndex = 0; path = LOTRConverter.app; sourceTree = BUILT_PRODUCTS_DIR; };
		FD9392EB2B8A8845008BE9D0 /* LOTRConverterApp.swift */ = {isa = PBXFileReference; lastKnownFileType = sourcecode.swift; path = LOTRConverterApp.swift; sourceTree = "<group>"; };
		FD9392ED2B8A8845008BE9D0 /* ContentView.swift */ = {isa = PBXFileReference; lastKnownFileType = sourcecode.swift; path = ContentView.swift; sourceTree = "<group>"; };
		FD9392EF2B8A8847008BE9D0 /* Assets.xcassets */ = {isa = PBXFileReference; lastKnownFileType = folder.assetcatalog; path = Assets.xcassets; sourceTree = "<group>"; };
		FD9392F22B8A8847008BE9D0 /* Preview Assets.xcassets */ = {isa = PBXFileReference; lastKnownFileType = folder.assetcatalog; path = "Preview Assets.xcassets"; sourceTree = "<group>"; };
/* End PBXFileReference section */

/* Begin PBXFrameworksBuildPhase section */
		FD9392E52B8A8845008BE9D0 /* Frameworks */ = {
			isa = PBXFrameworksBuildPhase;
			buildActionMask = 2147483647;
			files = (
			);
			runOnlyForDeploymentPostprocessing = 0;
		};
/* End PBXFrameworksBuildPhase section */

/* Begin PBXGroup section */
		FD9392DF2B8A8844008BE9D0 = {
			isa = PBXGroup;
			children = (
				FD9392EA2B8A8845008BE9D0 /* LOTRConverter */,
				FD9392E92B8A8845008BE9D0 /* Products */,
			);
			sourceTree = "<group>";
		};
		FD9392E92B8A8845008BE9D0 /* Products */ = {
			isa = PBXGroup;
			children = (
				FD9392E82B8A8845008BE9D0 /* LOTRConverter.app */,
			);
			name = Products;
			sourceTree = "<group>";
		};
		FD9392EA2B8A8845008BE9D0 /* LOTRConverter */ = {
			isa = PBXGroup;
			children = (
				FD9392EB2B8A8845008BE9D0 /* LOTRConverterApp.swift */,
				FD9392ED2B8A8845008BE9D0 /* ContentView.swift */,
				FD1398E42B8B2A4F000B0218 /* ExchangeInfo.swift */,
				FD1398E62B8B30A5000B0218 /* ExchangeRate.swift */,
				FD1398E82B8B397B000B0218 /* SelectCurrency.swift */,
				FD1398EA2B8B3E5A000B0218 /* CurrencyIcon.swift */,
				FD9392EF2B8A8847008BE9D0 /* Assets.xcassets */,
				FD9392F12B8A8847008BE9D0 /* Preview Content */,
			);
			path = LOTRConverter;
			sourceTree = "<group>";
		};
		FD9392F12B8A8847008BE9D0 /* Preview Content */ = {
			isa = PBXGroup;
			children = (
				FD9392F22B8A8847008BE9D0 /* Preview Assets.xcassets */,
			);
			path = "Preview Content";
			sourceTree = "<group>";
		};
/* End PBXGroup section */

/* Begin PBXNativeTarget section */
		FD9392E72B8A8845008BE9D0 /* LOTRConverter */ = {
			isa = PBXNativeTarget;
			buildConfigurationList = FD9392F62B8A8847008BE9D0 /* Build configuration list for PBXNativeTarget "LOTRConverter" */;
			buildPhases = (
				FD9392E42B8A8845008BE9D0 /* Sources */,
				FD9392E52B8A8845008BE9D0 /* Frameworks */,
				FD9392E62B8A8845008BE9D0 /* Resources */,
			);
			buildRules = (
			);
			dependencies = (
			);
			name = LOTRConverter;
			productName = LOTRConverter;
			productReference = FD9392E82B8A8845008BE9D0 /* LOTRConverter.app */;
			productType = "com.apple.product-type.application";
		};
/* End PBXNativeTarget section */

/* Begin PBXProject section */
		FD9392E02B8A8844008BE9D0 /* Project object */ = {
			isa = PBXProject;
			attributes = {
				BuildIndependentTargetsInParallel = 1;
				LastSwiftUpdateCheck = 1520;
				LastUpgradeCheck = 1520;
				TargetAttributes = {
					FD9392E72B8A8845008BE9D0 = {
						CreatedOnToolsVersion = 15.2;
					};
				};
			};
			buildConfigurationList = FD9392E32B8A8844008BE9D0 /* Build configuration list for PBXProject "LOTRConverter" */;
			compatibilityVersion = "Xcode 14.0";
			developmentRegion = en;
			hasScannedForEncodings = 0;
			knownRegions = (
				en,
				Base,
			);
			mainGroup = FD9392DF2B8A8844008BE9D0;
			productRefGroup = FD9392E92B8A8845008BE9D0 /* Products */;
			projectDirPath = "";
			projectRoot = "";
			targets = (
				FD9392E72B8A8845008BE9D0 /* LOTRConverter */,
			);
		};
/* End PBXProject section */

/* Begin PBXResourcesBuildPhase section */
		FD9392E62B8A8845008BE9D0 /* Resources */ = {
			isa = PBXResourcesBuildPhase;
			buildActionMask = 2147483647;
			files = (
				FD9392F32B8A8847008BE9D0 /* Preview Assets.xcassets in Resources */,
				FD9392F02B8A8847008BE9D0 /* Assets.xcassets in Resources */,
			);
			runOnlyForDeploymentPostprocessing = 0;
		};
/* End PBXResourcesBuildPhase section */

/* Begin PBXSourcesBuildPhase section */
		FD9392E42B8A8845008BE9D0 /* Sources */ = {
			isa = PBXSourcesBuildPhase;
			buildActionMask = 2147483647;
			files = (
				FD1398E72B8B30A5000B0218 /* ExchangeRate.swift in Sources */,
				FD1398E92B8B397B000B0218 /* SelectCurrency.swift in Sources */,
				FD1398E52B8B2A4F000B0218 /* ExchangeInfo.swift in Sources */,
				FD9392EE2B8A8845008BE9D0 /* ContentView.swift in Sources */,
				FD9392EC2B8A8845008BE9D0 /* LOTRConverterApp.swift in Sources */,
				FD1398EB2B8B3E5A000B0218 /* CurrencyIcon.swift in Sources */,
			);
			runOnlyForDeploymentPostprocessing = 0;
		};
/* End PBXSourcesBuildPhase section */

/* Begin XCBuildConfiguration section */
		FD9392F42B8A8847008BE9D0 /* Debug */ = {
			isa = XCBuildConfiguration;
			buildSettings = {
				ALWAYS_SEARCH_USER_PATHS = NO;
				ASSETCATALOG_COMPILER_GENERATE_SWIFT_ASSET_SYMBOL_EXTENSIONS = YES;
				CLANG_ANALYZER_NONNULL = YES;
				CLANG_ANALYZER_NUMBER_OBJECT_CONVERSION = YES_AGGRESSIVE;
				CLANG_CXX_LANGUAGE_STANDARD = "gnu++20";
				CLANG_ENABLE_MODULES = YES;
				CLANG_ENABLE_OBJC_ARC = YES;
				CLANG_ENABLE_OBJC_WEAK = YES;
				CLANG_WARN_BLOCK_CAPTURE_AUTORELEASING = YES;
				CLANG_WARN_BOOL_CONVERSION = YES;
				CLANG_WARN_COMMA = YES;
				CLANG_WARN_CONSTANT_CONVERSION = YES;
				CLANG_WARN_DEPRECATED_OBJC_IMPLEMENTATIONS = YES;
				CLANG_WARN_DIRECT_OBJC_ISA_USAGE = YES_ERROR;
				CLANG_WARN_DOCUMENTATION_COMMENTS = YES;
				CLANG_WARN_EMPTY_BODY = YES;
				CLANG_WARN_ENUM_CONVERSION = YES;
				CLANG_WARN_INFINITE_RECURSION = YES;
				CLANG_WARN_INT_CONVERSION = YES;
				CLANG_WARN_NON_LITERAL_NULL_CONVERSION = YES;
				CLANG_WARN_OBJC_IMPLICIT_RETAIN_SELF = YES;
				CLANG_WARN_OBJC_LITERAL_CONVERSION = YES;
				CLANG_WARN_OBJC_ROOT_CLASS = YES_ERROR;
				CLANG_WARN_QUOTED_INCLUDE_IN_FRAMEWORK_HEADER = YES;
				CLANG_WARN_RANGE_LOOP_ANALYSIS = YES;
				CLANG_WARN_STRICT_PROTOTYPES = YES;
				CLANG_WARN_SUSPICIOUS_MOVE = YES;
				CLANG_WARN_UNGUARDED_AVAILABILITY = YES_AGGRESSIVE;
				CLANG_WARN_UNREACHABLE_CODE = YES;
				CLANG_WARN__DUPLICATE_METHOD_MATCH = YES;
				COPY_PHASE_STRIP = NO;
				DEBUG_INFORMATION_FORMAT = dwarf;
				ENABLE_STRICT_OBJC_MSGSEND = YES;
				ENABLE_TESTABILITY = YES;
				ENABLE_USER_SCRIPT_SANDBOXING = YES;
				GCC_C_LANGUAGE_STANDARD = gnu17;
				GCC_DYNAMIC_NO_PIC = NO;
				GCC_NO_COMMON_BLOCKS = YES;
				GCC_OPTIMIZATION_LEVEL = 0;
				GCC_PREPROCESSOR_DEFINITIONS = (
					"DEBUG=1",
					"$(inherited)",
				);
				GCC_WARN_64_TO_32_BIT_CONVERSION = YES;
				GCC_WARN_ABOUT_RETURN_TYPE = YES_ERROR;
				GCC_WARN_UNDECLARED_SELECTOR = YES;
				GCC_WARN_UNINITIALIZED_AUTOS = YES_AGGRESSIVE;
				GCC_WARN_UNUSED_FUNCTION = YES;
				GCC_WARN_UNUSED_VARIABLE = YES;
				IPHONEOS_DEPLOYMENT_TARGET = 17.2;
				LOCALIZATION_PREFERS_STRING_CATALOGS = YES;
				MTL_ENABLE_DEBUG_INFO = INCLUDE_SOURCE;
				MTL_FAST_MATH = YES;
				ONLY_ACTIVE_ARCH = YES;
				SDKROOT = iphoneos;
				SWIFT_ACTIVE_COMPILATION_CONDITIONS = "DEBUG $(inherited)";
				SWIFT_OPTIMIZATION_LEVEL = "-Onone";
			};
			name = Debug;
		};
		FD9392F52B8A8847008BE9D0 /* Release */ = {
			isa = XCBuildConfiguration;
			buildSettings = {
				ALWAYS_SEARCH_USER_PATHS = NO;
				ASSETCATALOG_COMPILER_GENERATE_SWIFT_ASSET_SYMBOL_EXTENSIONS = YES;
				CLANG_ANALYZER_NONNULL = YES;
				CLANG_ANALYZER_NUMBER_OBJECT_CONVERSION = YES_AGGRESSIVE;
				CLANG_CXX_LANGUAGE_STANDARD = "gnu++20";
				CLANG_ENABLE_MODULES = YES;
				CLANG_ENABLE_OBJC_ARC = YES;
				CLANG_ENABLE_OBJC_WEAK = YES;
				CLANG_WARN_BLOCK_CAPTURE_AUTORELEASING = YES;
				CLANG_WARN_BOOL_CONVERSION = YES;
				CLANG_WARN_COMMA = YES;
				CLANG_WARN_CONSTANT_CONVERSION = YES;
				CLANG_WARN_DEPRECATED_OBJC_IMPLEMENTATIONS = YES;
				CLANG_WARN_DIRECT_OBJC_ISA_USAGE = YES_ERROR;
				CLANG_WARN_DOCUMENTATION_COMMENTS = YES;
				CLANG_WARN_EMPTY_BODY = YES;
				CLANG_WARN_ENUM_CONVERSION = YES;
				CLANG_WARN_INFINITE_RECURSION = YES;
				CLANG_WARN_INT_CONVERSION = YES;
				CLANG_WARN_NON_LITERAL_NULL_CONVERSION = YES;
				CLANG_WARN_OBJC_IMPLICIT_RETAIN_SELF = YES;
				CLANG_WARN_OBJC_LITERAL_CONVERSION = YES;
				CLANG_WARN_OBJC_ROOT_CLASS = YES_ERROR;
				CLANG_WARN_QUOTED_INCLUDE_IN_FRAMEWORK_HEADER = YES;
				CLANG_WARN_RANGE_LOOP_ANALYSIS = YES;
				CLANG_WARN_STRICT_PROTOTYPES = YES;
				CLANG_WARN_SUSPICIOUS_MOVE = YES;
				CLANG_WARN_UNGUARDED_AVAILABILITY = YES_AGGRESSIVE;
				CLANG_WARN_UNREACHABLE_CODE = YES;
				CLANG_WARN__DUPLICATE_METHOD_MATCH = YES;
				COPY_PHASE_STRIP = NO;
				DEBUG_INFORMATION_FORMAT = "dwarf-with-dsym";
				ENABLE_NS_ASSERTIONS = NO;
				ENABLE_STRICT_OBJC_MSGSEND = YES;
				ENABLE_USER_SCRIPT_SANDBOXING = YES;
				GCC_C_LANGUAGE_STANDARD = gnu17;
				GCC_NO_COMMON_BLOCKS = YES;
				GCC_WARN_64_TO_32_BIT_CONVERSION = YES;
				GCC_WARN_ABOUT_RETURN_TYPE = YES_ERROR;
				GCC_WARN_UNDECLARED_SELECTOR = YES;
				GCC_WARN_UNINITIALIZED_AUTOS = YES_AGGRESSIVE;
				GCC_WARN_UNUSED_FUNCTION = YES;
				GCC_WARN_UNUSED_VARIABLE = YES;
				IPHONEOS_DEPLOYMENT_TARGET = 17.2;
				LOCALIZATION_PREFERS_STRING_CATALOGS = YES;
				MTL_ENABLE_DEBUG_INFO = NO;
				MTL_FAST_MATH = YES;
				SDKROOT = iphoneos;
				SWIFT_COMPILATION_MODE = wholemodule;
				VALIDATE_PRODUCT = YES;
			};
			name = Release;
		};
		FD9392F72B8A8847008BE9D0 /* Debug */ = {
			isa = XCBuildConfiguration;
			buildSettings = {
				ASSETCATALOG_COMPILER_APPICON_NAME = AppIcon;
				ASSETCATALOG_COMPILER_GLOBAL_ACCENT_COLOR_NAME = AccentColor;
				CODE_SIGN_STYLE = Automatic;
				CURRENT_PROJECT_VERSION = 1;
				DEVELOPMENT_ASSET_PATHS = "\"LOTRConverter/Preview Content\"";
				DEVELOPMENT_TEAM = 93RKGP5WJA;
				ENABLE_PREVIEWS = YES;
				GENERATE_INFOPLIST_FILE = YES;
				INFOPLIST_KEY_UIApplicationSceneManifest_Generation = YES;
				INFOPLIST_KEY_UIApplicationSupportsIndirectInputEvents = YES;
				INFOPLIST_KEY_UILaunchScreen_Generation = YES;
				INFOPLIST_KEY_UISupportedInterfaceOrientations_iPad = "UIInterfaceOrientationPortrait UIInterfaceOrientationPortraitUpsideDown UIInterfaceOrientationLandscapeLeft UIInterfaceOrientationLandscapeRight";
				INFOPLIST_KEY_UISupportedInterfaceOrientations_iPhone = "UIInterfaceOrientationPortrait UIInterfaceOrientationLandscapeLeft UIInterfaceOrientationLandscapeRight";
				LD_RUNPATH_SEARCH_PATHS = (
					"$(inherited)",
					"@executable_path/Frameworks",
				);
				MARKETING_VERSION = 1.0;
				PRODUCT_BUNDLE_IDENTIFIER = in.anirudhjwala.LOTRConverter;
				PRODUCT_NAME = "$(TARGET_NAME)";
				SWIFT_EMIT_LOC_STRINGS = YES;
				SWIFT_VERSION = 5.0;
				TARGETED_DEVICE_FAMILY = "1,2";
			};
			name = Debug;
		};
		FD9392F82B8A8847008BE9D0 /* Release */ = {
			isa = XCBuildConfiguration;
			buildSettings = {
				ASSETCATALOG_COMPILER_APPICON_NAME = AppIcon;
				ASSETCATALOG_COMPILER_GLOBAL_ACCENT_COLOR_NAME = AccentColor;
				CODE_SIGN_STYLE = Automatic;
				CURRENT_PROJECT_VERSION = 1;
				DEVELOPMENT_ASSET_PATHS = "\"LOTRConverter/Preview Content\"";
				DEVELOPMENT_TEAM = 93RKGP5WJA;
				ENABLE_PREVIEWS = YES;
				GENERATE_INFOPLIST_FILE = YES;
				INFOPLIST_KEY_UIApplicationSceneManifest_Generation = YES;
				INFOPLIST_KEY_UIApplicationSupportsIndirectInputEvents = YES;
				INFOPLIST_KEY_UILaunchScreen_Generation = YES;
				INFOPLIST_KEY_UISupportedInterfaceOrientations_iPad = "UIInterfaceOrientationPortrait UIInterfaceOrientationPortraitUpsideDown UIInterfaceOrientationLandscapeLeft UIInterfaceOrientationLandscapeRight";
				INFOPLIST_KEY_UISupportedInterfaceOrientations_iPhone = "UIInterfaceOrientationPortrait UIInterfaceOrientationLandscapeLeft UIInterfaceOrientationLandscapeRight";
				LD_RUNPATH_SEARCH_PATHS = (
					"$(inherited)",
					"@executable_path/Frameworks",
				);
				MARKETING_VERSION = 1.0;
				PRODUCT_BUNDLE_IDENTIFIER = in.anirudhjwala.LOTRConverter;
				PRODUCT_NAME = "$(TARGET_NAME)";
				SWIFT_EMIT_LOC_STRINGS = YES;
				SWIFT_VERSION = 5.0;
				TARGETED_DEVICE_FAMILY = "1,2";
			};
			name = Release;
		};
/* End XCBuildConfiguration section */

/* Begin XCConfigurationList section */
		FD9392E32B8A8844008BE9D0 /* Build configuration list for PBXProject "LOTRConverter" */ = {
			isa = XCConfigurationList;
			buildConfigurations = (
				FD9392F42B8A8847008BE9D0 /* Debug */,
				FD9392F52B8A8847008BE9D0 /* Release */,
			);
			defaultConfigurationIsVisible = 0;
			defaultConfigurationName = Release;
		};
		FD9392F62B8A8847008BE9D0 /* Build configuration list for PBXNativeTarget "LOTRConverter" */ = {
			isa = XCConfigurationList;
			buildConfigurations = (
				FD9392F72B8A8847008BE9D0 /* Debug */,
				FD9392F82B8A8847008BE9D0 /* Release */,
			);
			defaultConfigurationIsVisible = 0;
			defaultConfigurationName = Release;
		};
/* End XCConfigurationList section */
	};
	rootObject = FD9392E02B8A8844008BE9D0 /* Project object */;
}
